
Microsoft Visual Studio Solution File, Format Version 12.00
# Visual Studio Version 16
VisualStudioVersion = 16.0.32126.315
MinimumVisualStudioVersion = 10.0.40219.1
Project("{FAE04EC0-301F-11D3-BF4B-00C04F79EFBC}") = "PortfolioWebApp", "PortfolioWebApp\PortfolioWebApp.csproj", "{14ADA39B-BFFE-4263-B5F1-103A077F9F45}"
EndProject
Global
	GlobalSection(SolutionConfigurationPlatforms) = preSolution
		Debug|Any CPU = Debug|Any CPU
		Release|Any CPU = Release|Any CPU
	EndGlobalSection
	GlobalSection(ProjectConfigurationPlatforms) = postSolution
		{14ADA39B-BFFE-4263-B5F1-103A077F9F45}.Debug|Any CPU.ActiveCfg = Debug|Any CPU
		{14ADA39B-BFFE-4263-B5F1-103A077F9F45}.Debug|Any CPU.Build.0 = Debug|Any CPU
		{14ADA39B-BFFE-4263-B5F1-103A077F9F45}.Release|Any CPU.ActiveCfg = Release|Any CPU
		{14ADA39B-BFFE-4263-B5F1-103A077F9F45}.Release|Any CPU.Build.0 = Release|Any CPU
	EndGlobalSection
	GlobalSection(SolutionProperties) = preSolution
		HideSolutionNode = FALSE
	EndGlobalSection
	GlobalSection(ExtensibilityGlobals) = postSolution
		SolutionGuid = {5A0CE5D5-82A6-4D40-B6C2-586EEFC6B674}
	EndGlobalSection
EndGlobal
